
Microsoft Visual Studio Solution File, Format Version 12.00
# Visual Studio 2012
Project("{FAE04EC0-301F-11D3-BF4B-00C04F79EFBC}") = "stringCalculator", "stringCalculator\stringCalculator.csproj", "{6ACE98CD-BDD6-4E15-A1EC-F22A2FE5A464}"
EndProject
Project("{FAE04EC0-301F-11D3-BF4B-00C04F79EFBC}") = "stringCalculator.specs", "stringCalculator.specs\stringCalculator.specs.csproj", "{5E7CDDD5-BE14-4525-8AF8-28BDAA182E77}"
EndProject
Global
	GlobalSection(SolutionConfigurationPlatforms) = preSolution
		Debug|Any CPU = Debug|Any CPU
		Release|Any CPU = Release|Any CPU
	EndGlobalSection
	GlobalSection(ProjectConfigurationPlatforms) = postSolution
		{6ACE98CD-BDD6-4E15-A1EC-F22A2FE5A464}.Debug|Any CPU.ActiveCfg = Debug|Any CPU
		{6ACE98CD-BDD6-4E15-A1EC-F22A2FE5A464}.Debug|Any CPU.Build.0 = Debug|Any CPU
		{6ACE98CD-BDD6-4E15-A1EC-F22A2FE5A464}.Release|Any CPU.ActiveCfg = Release|Any CPU
		{6ACE98CD-BDD6-4E15-A1EC-F22A2FE5A464}.Release|Any CPU.Build.0 = Release|Any CPU
		{5E7CDDD5-BE14-4525-8AF8-28BDAA182E77}.Debug|Any CPU.ActiveCfg = Debug|Any CPU
		{5E7CDDD5-BE14-4525-8AF8-28BDAA182E77}.Debug|Any CPU.Build.0 = Debug|Any CPU
		{5E7CDDD5-BE14-4525-8AF8-28BDAA182E77}.Release|Any CPU.ActiveCfg = Release|Any CPU
		{5E7CDDD5-BE14-4525-8AF8-28BDAA182E77}.Release|Any CPU.Build.0 = Release|Any CPU
	EndGlobalSection
	GlobalSection(SolutionProperties) = preSolution
		HideSolutionNode = FALSE
	EndGlobalSection
EndGlobal
